
Microsoft Visual Studio Solution File, Format Version 12.00
# Visual Studio Version 16
VisualStudioVersion = 25.0.1705.3
MinimumVisualStudioVersion = 10.0.40219.1
Project("{FAE04EC0-301F-11D3-BF4B-00C04F79EFBC}") = "Calc", "Calc\Calc.csproj", "{B351D319-A2DE-46FD-B57D-821C17B0F223}"
EndProject
Global
	GlobalSection(SolutionConfigurationPlatforms) = preSolution
		Debug|Any CPU = Debug|Any CPU
		Release|Any CPU = Release|Any CPU
	EndGlobalSection
	GlobalSection(ProjectConfigurationPlatforms) = postSolution
		{B351D319-A2DE-46FD-B57D-821C17B0F223}.Debug|Any CPU.ActiveCfg = Debug|Any CPU
		{B351D319-A2DE-46FD-B57D-821C17B0F223}.Debug|Any CPU.Build.0 = Debug|Any CPU
		{B351D319-A2DE-46FD-B57D-821C17B0F223}.Release|Any CPU.ActiveCfg = Release|Any CPU
		{B351D319-A2DE-46FD-B57D-821C17B0F223}.Release|Any CPU.Build.0 = Release|Any CPU
	EndGlobalSection
	GlobalSection(SolutionProperties) = preSolution
		HideSolutionNode = FALSE
	EndGlobalSection
	GlobalSection(ExtensibilityGlobals) = postSolution
		SolutionGuid = {3725DEB5-1BAA-4B81-BC54-48F32D1D71B5}
	EndGlobalSection
EndGlobal
